
Microsoft Visual Studio Solution File, Format Version 12.00
# Visual Studio Version 16
VisualStudioVersion = 16.0.30907.101
MinimumVisualStudioVersion = 10.0.40219.1
Project("{FAE04EC0-301F-11D3-BF4B-00C04F79EFBC}") = "CoffeeApp", "CoffeeApp\CoffeeApp.csproj", "{033F274B-204F-4F03-A840-18678DBDC62E}"
EndProject
Global
	GlobalSection(SolutionConfigurationPlatforms) = preSolution
		Debug|Any CPU = Debug|Any CPU
		Release|Any CPU = Release|Any CPU
	EndGlobalSection
	GlobalSection(ProjectConfigurationPlatforms) = postSolution
		{033F274B-204F-4F03-A840-18678DBDC62E}.Debug|Any CPU.ActiveCfg = Debug|Any CPU
		{033F274B-204F-4F03-A840-18678DBDC62E}.Debug|Any CPU.Build.0 = Debug|Any CPU
		{033F274B-204F-4F03-A840-18678DBDC62E}.Release|Any CPU.ActiveCfg = Release|Any CPU
		{033F274B-204F-4F03-A840-18678DBDC62E}.Release|Any CPU.Build.0 = Release|Any CPU
	EndGlobalSection
	GlobalSection(SolutionProperties) = preSolution
		HideSolutionNode = FALSE
	EndGlobalSection
	GlobalSection(ExtensibilityGlobals) = postSolution
		SolutionGuid = {FC26F50A-9B9E-4616-8E19-91F8BAA8D4F2}
	EndGlobalSection
EndGlobal
